{
  "name": "S08P12C110",
  "lockfileVersion": 2,
  "requires": true,
  "packages": {
    "": {
      "dependencies": {
        "@stomp/stompjs": "^6.1.2"
      }
    },
    "node_modules/@stomp/stompjs": {
      "version": "6.1.2",
      "resolved": "https://registry.npmjs.org/@stomp/stompjs/-/stompjs-6.1.2.tgz",
      "integrity": "sha512-FHDTrIFM5Ospi4L3Xhj6v2+NzCVAeNDcBe95YjUWhWiRMrBF6uN3I7AUOlRgT6jU/2WQvvYK8ZaIxFfxFp+uHQ=="
    }
  },
  "dependencies": {
    "@stomp/stompjs": {
      "version": "6.1.2",
      "resolved": "https://registry.npmjs.org/@stomp/stompjs/-/stompjs-6.1.2.tgz",
      "integrity": "sha512-FHDTrIFM5Ospi4L3Xhj6v2+NzCVAeNDcBe95YjUWhWiRMrBF6uN3I7AUOlRgT6jU/2WQvvYK8ZaIxFfxFp+uHQ=="
    }
  }
}
